
Microsoft Visual Studio Solution File, Format Version 12.00
# Visual Studio Version 16
VisualStudioVersion = 16.0.29306.81
MinimumVisualStudioVersion = 10.0.40219.1
Project("{FAE04EC0-301F-11D3-BF4B-00C04F79EFBC}") = "FDRedis", "FDRedis\FDRedis.csproj", "{59ECD4FA-1553-4652-8946-F550BEC1CC01}"
EndProject
Global
	GlobalSection(SolutionConfigurationPlatforms) = preSolution
		Debug|Any CPU = Debug|Any CPU
		Release|Any CPU = Release|Any CPU
	EndGlobalSection
	GlobalSection(ProjectConfigurationPlatforms) = postSolution
		{59ECD4FA-1553-4652-8946-F550BEC1CC01}.Debug|Any CPU.ActiveCfg = Debug|Any CPU
		{59ECD4FA-1553-4652-8946-F550BEC1CC01}.Debug|Any CPU.Build.0 = Debug|Any CPU
		{59ECD4FA-1553-4652-8946-F550BEC1CC01}.Release|Any CPU.ActiveCfg = Release|Any CPU
		{59ECD4FA-1553-4652-8946-F550BEC1CC01}.Release|Any CPU.Build.0 = Release|Any CPU
	EndGlobalSection
	GlobalSection(SolutionProperties) = preSolution
		HideSolutionNode = FALSE
	EndGlobalSection
	GlobalSection(ExtensibilityGlobals) = postSolution
		SolutionGuid = {4ADDA1D7-9753-4B15-BFF5-A58F68347779}
	EndGlobalSection
EndGlobal
